
Microsoft Visual Studio Solution File, Format Version 12.00
# Visual Studio Version 17
VisualStudioVersion = 17.13.35913.81
MinimumVisualStudioVersion = 10.0.40219.1
Project("{FAE04EC0-301F-11D3-BF4B-00C04F79EFBC}") = "BUS", "BUS\BUS.csproj", "{2B3B2520-56DF-4F9D-B843-D0A5EA640C15}"
EndProject
Project("{FAE04EC0-301F-11D3-BF4B-00C04F79EFBC}") = "DAO", "DAO\DAO.csproj", "{47B3BF49-E288-4248-9058-6B1697BD6440}"
EndProject
Project("{FAE04EC0-301F-11D3-BF4B-00C04F79EFBC}") = "DTO", "DTO\DTO.csproj", "{ABB9D290-861B-4EE9-9D09-B2F28B069C6D}"
EndProject
Project("{FAE04EC0-301F-11D3-BF4B-00C04F79EFBC}") = "GUI", "GUI\GUI.csproj", "{3A16D7B4-DE31-4C2A-AB18-471776FA7445}"
EndProject
Global
	GlobalSection(SolutionConfigurationPlatforms) = preSolution
		Debug|Any CPU = Debug|Any CPU
		Release|Any CPU = Release|Any CPU
	EndGlobalSection
	GlobalSection(ProjectConfigurationPlatforms) = postSolution
		{2B3B2520-56DF-4F9D-B843-D0A5EA640C15}.Debug|Any CPU.ActiveCfg = Debug|Any CPU
		{2B3B2520-56DF-4F9D-B843-D0A5EA640C15}.Debug|Any CPU.Build.0 = Debug|Any CPU
		{2B3B2520-56DF-4F9D-B843-D0A5EA640C15}.Release|Any CPU.ActiveCfg = Release|Any CPU
		{2B3B2520-56DF-4F9D-B843-D0A5EA640C15}.Release|Any CPU.Build.0 = Release|Any CPU
		{47B3BF49-E288-4248-9058-6B1697BD6440}.Debug|Any CPU.ActiveCfg = Debug|Any CPU
		{47B3BF49-E288-4248-9058-6B1697BD6440}.Debug|Any CPU.Build.0 = Debug|Any CPU
		{47B3BF49-E288-4248-9058-6B1697BD6440}.Release|Any CPU.ActiveCfg = Release|Any CPU
		{47B3BF49-E288-4248-9058-6B1697BD6440}.Release|Any CPU.Build.0 = Release|Any CPU
		{ABB9D290-861B-4EE9-9D09-B2F28B069C6D}.Debug|Any CPU.ActiveCfg = Debug|Any CPU
		{ABB9D290-861B-4EE9-9D09-B2F28B069C6D}.Debug|Any CPU.Build.0 = Debug|Any CPU
		{ABB9D290-861B-4EE9-9D09-B2F28B069C6D}.Release|Any CPU.ActiveCfg = Release|Any CPU
		{ABB9D290-861B-4EE9-9D09-B2F28B069C6D}.Release|Any CPU.Build.0 = Release|Any CPU
		{3A16D7B4-DE31-4C2A-AB18-471776FA7445}.Debug|Any CPU.ActiveCfg = Debug|Any CPU
		{3A16D7B4-DE31-4C2A-AB18-471776FA7445}.Debug|Any CPU.Build.0 = Debug|Any CPU
		{3A16D7B4-DE31-4C2A-AB18-471776FA7445}.Release|Any CPU.ActiveCfg = Release|Any CPU
		{3A16D7B4-DE31-4C2A-AB18-471776FA7445}.Release|Any CPU.Build.0 = Release|Any CPU
	EndGlobalSection
	GlobalSection(SolutionProperties) = preSolution
		HideSolutionNode = FALSE
	EndGlobalSection
	GlobalSection(ExtensibilityGlobals) = postSolution
		SolutionGuid = {89597935-D151-4024-AA97-102E53DBC723}
	EndGlobalSection
EndGlobal
